// !$*UTF8*$!
{
	archiveVersion = 1;
	classes = {
	};
	objectVersion = 50;
	objects = {

/* Begin PBXBuildFile section */
		489091B82654036900E230D9 /* AudioKitPracticeApp.swift in Sources */ = {isa = PBXBuildFile; fileRef = 489091B72654036900E230D9 /* AudioKitPracticeApp.swift */; };
		489091BA2654036900E230D9 /* ContentView.swift in Sources */ = {isa = PBXBuildFile; fileRef = 489091B92654036900E230D9 /* ContentView.swift */; };
		489091BC2654037300E230D9 /* Assets.xcassets in Resources */ = {isa = PBXBuildFile; fileRef = 489091BB2654037300E230D9 /* Assets.xcassets */; };
		489091BF2654037300E230D9 /* Preview Assets.xcassets in Resources */ = {isa = PBXBuildFile; fileRef = 489091BE2654037300E230D9 /* Preview Assets.xcassets */; };
		489091CA2654037300E230D9 /* AudioKitPracticeTests.swift in Sources */ = {isa = PBXBuildFile; fileRef = 489091C92654037300E230D9 /* AudioKitPracticeTests.swift */; };
		489091D52654037400E230D9 /* AudioKitPracticeUITests.swift in Sources */ = {isa = PBXBuildFile; fileRef = 489091D42654037400E230D9 /* AudioKitPracticeUITests.swift */; };
/* End PBXBuildFile section */

/* Begin PBXContainerItemProxy section */
		489091C62654037300E230D9 /* PBXContainerItemProxy */ = {
			isa = PBXContainerItemProxy;
			containerPortal = 489091AC2654036900E230D9 /* Project object */;
			proxyType = 1;
			remoteGlobalIDString = 489091B32654036900E230D9;
			remoteInfo = AudioKitPractice;
		};
		489091D12654037400E230D9 /* PBXContainerItemProxy */ = {
			isa = PBXContainerItemProxy;
			containerPortal = 489091AC2654036900E230D9 /* Project object */;
			proxyType = 1;
			remoteGlobalIDString = 489091B32654036900E230D9;
			remoteInfo = AudioKitPractice;
		};
/* End PBXContainerItemProxy section */

/* Begin PBXFileReference section */
		489091B42654036900E230D9 /* AudioKitPractice.app */ = {isa = PBXFileReference; explicitFileType = wrapper.application; includeInIndex = 0; path = AudioKitPractice.app; sourceTree = BUILT_PRODUCTS_DIR; };
		489091B72654036900E230D9 /* AudioKitPracticeApp.swift */ = {isa = PBXFileReference; lastKnownFileType = sourcecode.swift; path = AudioKitPracticeApp.swift; sourceTree = "<group>"; };
		489091B92654036900E230D9 /* ContentView.swift */ = {isa = PBXFileReference; lastKnownFileType = sourcecode.swift; path = ContentView.swift; sourceTree = "<group>"; };
		489091BB2654037300E230D9 /* Assets.xcassets */ = {isa = PBXFileReference; lastKnownFileType = folder.assetcatalog; path = Assets.xcassets; sourceTree = "<group>"; };
		489091BE2654037300E230D9 /* Preview Assets.xcassets */ = {isa = PBXFileReference; lastKnownFileType = folder.assetcatalog; path = "Preview Assets.xcassets"; sourceTree = "<group>"; };
		489091C02654037300E230D9 /* Info.plist */ = {isa = PBXFileReference; lastKnownFileType = text.plist.xml; path = Info.plist; sourceTree = "<group>"; };
		489091C52654037300E230D9 /* AudioKitPracticeTests.xctest */ = {isa = PBXFileReference; explicitFileType = wrapper.cfbundle; includeInIndex = 0; path = AudioKitPracticeTests.xctest; sourceTree = BUILT_PRODUCTS_DIR; };
		489091C92654037300E230D9 /* AudioKitPracticeTests.swift */ = {isa = PBXFileReference; lastKnownFileType = sourcecode.swift; path = AudioKitPracticeTests.swift; sourceTree = "<group>"; };
		489091CB2654037300E230D9 /* Info.plist */ = {isa = PBXFileReference; lastKnownFileType = text.plist.xml; path = Info.plist; sourceTree = "<group>"; };
		489091D02654037400E230D9 /* AudioKitPracticeUITests.xctest */ = {isa = PBXFileReference; explicitFileType = wrapper.cfbundle; includeInIndex = 0; path = AudioKitPracticeUITests.xctest; sourceTree = BUILT_PRODUCTS_DIR; };
		489091D42654037400E230D9 /* AudioKitPracticeUITests.swift */ = {isa = PBXFileReference; lastKnownFileType = sourcecode.swift; path = AudioKitPracticeUITests.swift; sourceTree = "<group>"; };
		489091D62654037400E230D9 /* Info.plist */ = {isa = PBXFileReference; lastKnownFileType = text.plist.xml; path = Info.plist; sourceTree = "<group>"; };
/* End PBXFileReference section */

/* Begin PBXFrameworksBuildPhase section */
		489091B12654036900E230D9 /* Frameworks */ = {
			isa = PBXFrameworksBuildPhase;
			buildActionMask = 2147483647;
			files = (
			);
			runOnlyForDeploymentPostprocessing = 0;
		};
		489091C22654037300E230D9 /* Frameworks */ = {
			isa = PBXFrameworksBuildPhase;
			buildActionMask = 2147483647;
			files = (
			);
			runOnlyForDeploymentPostprocessing = 0;
		};
		489091CD2654037400E230D9 /* Frameworks */ = {
			isa = PBXFrameworksBuildPhase;
			buildActionMask = 2147483647;
			files = (
			);
			runOnlyForDeploymentPostprocessing = 0;
		};
/* End PBXFrameworksBuildPhase section */

/* Begin PBXGroup section */
		489091AB2654036900E230D9 = {
			isa = PBXGroup;
			children = (
				489091B62654036900E230D9 /* AudioKitPractice */,
				489091C82654037300E230D9 /* AudioKitPracticeTests */,
				489091D32654037400E230D9 /* AudioKitPracticeUITests */,
				489091B52654036900E230D9 /* Products */,
			);
			sourceTree = "<group>";
		};
		489091B52654036900E230D9 /* Products */ = {
			isa = PBXGroup;
			children = (
				489091B42654036900E230D9 /* AudioKitPractice.app */,
				489091C52654037300E230D9 /* AudioKitPracticeTests.xctest */,
				489091D02654037400E230D9 /* AudioKitPracticeUITests.xctest */,
			);
			name = Products;
			sourceTree = "<group>";
		};
		489091B62654036900E230D9 /* AudioKitPractice */ = {
			isa = PBXGroup;
			children = (
				489091B72654036900E230D9 /* AudioKitPracticeApp.swift */,
				489091B92654036900E230D9 /* ContentView.swift */,
				489091BB2654037300E230D9 /* Assets.xcassets */,
				489091C02654037300E230D9 /* Info.plist */,
				489091BD2654037300E230D9 /* Preview Content */,
			);
			path = AudioKitPractice;
			sourceTree = "<group>";
		};
		489091BD2654037300E230D9 /* Preview Content */ = {
			isa = PBXGroup;
			children = (
				489091BE2654037300E230D9 /* Preview Assets.xcassets */,
			);
			path = "Preview Content";
			sourceTree = "<group>";
		};
		489091C82654037300E230D9 /* AudioKitPracticeTests */ = {
			isa = PBXGroup;
			children = (
				489091C92654037300E230D9 /* AudioKitPracticeTests.swift */,
				489091CB2654037300E230D9 /* Info.plist */,
			);
			path = AudioKitPracticeTests;
			sourceTree = "<group>";
		};
		489091D32654037400E230D9 /* AudioKitPracticeUITests */ = {
			isa = PBXGroup;
			children = (
				489091D42654037400E230D9 /* AudioKitPracticeUITests.swift */,
				489091D62654037400E230D9 /* Info.plist */,
			);
			path = AudioKitPracticeUITests;
			sourceTree = "<group>";
		};
/* End PBXGroup section */

/* Begin PBXNativeTarget section */
		489091B32654036900E230D9 /* AudioKitPractice */ = {
			isa = PBXNativeTarget;
			buildConfigurationList = 489091D92654037400E230D9 /* Build configuration list for PBXNativeTarget "AudioKitPractice" */;
			buildPhases = (
				489091B02654036900E230D9 /* Sources */,
				489091B12654036900E230D9 /* Frameworks */,
				489091B22654036900E230D9 /* Resources */,
			);
			buildRules = (
			);
			dependencies = (
			);
			name = AudioKitPractice;
			productName = AudioKitPractice;
			productReference = 489091B42654036900E230D9 /* AudioKitPractice.app */;
			productType = "com.apple.product-type.application";
		};
		489091C42654037300E230D9 /* AudioKitPracticeTests */ = {
			isa = PBXNativeTarget;
			buildConfigurationList = 489091DC2654037400E230D9 /* Build configuration list for PBXNativeTarget "AudioKitPracticeTests" */;
			buildPhases = (
				489091C12654037300E230D9 /* Sources */,
				489091C22654037300E230D9 /* Frameworks */,
				489091C32654037300E230D9 /* Resources */,
			);
			buildRules = (
			);
			dependencies = (
				489091C72654037300E230D9 /* PBXTargetDependency */,
			);
			name = AudioKitPracticeTests;
			productName = AudioKitPracticeTests;
			productReference = 489091C52654037300E230D9 /* AudioKitPracticeTests.xctest */;
			productType = "com.apple.product-type.bundle.unit-test";
		};
		489091CF2654037400E230D9 /* AudioKitPracticeUITests */ = {
			isa = PBXNativeTarget;
			buildConfigurationList = 489091DF2654037400E230D9 /* Build configuration list for PBXNativeTarget "AudioKitPracticeUITests" */;
			buildPhases = (
				489091CC2654037400E230D9 /* Sources */,
				489091CD2654037400E230D9 /* Frameworks */,
				489091CE2654037400E230D9 /* Resources */,
			);
			buildRules = (
			);
			dependencies = (
				489091D22654037400E230D9 /* PBXTargetDependency */,
			);
			name = AudioKitPracticeUITests;
			productName = AudioKitPracticeUITests;
			productReference = 489091D02654037400E230D9 /* AudioKitPracticeUITests.xctest */;
			productType = "com.apple.product-type.bundle.ui-testing";
		};
/* End PBXNativeTarget section */

/* Begin PBXProject section */
		489091AC2654036900E230D9 /* Project object */ = {
			isa = PBXProject;
			attributes = {
				LastSwiftUpdateCheck = 1240;
				LastUpgradeCheck = 1240;
				TargetAttributes = {
					489091B32654036900E230D9 = {
						CreatedOnToolsVersion = 12.4;
					};
					489091C42654037300E230D9 = {
						CreatedOnToolsVersion = 12.4;
						TestTargetID = 489091B32654036900E230D9;
					};
					489091CF2654037400E230D9 = {
						CreatedOnToolsVersion = 12.4;
						TestTargetID = 489091B32654036900E230D9;
					};
				};
			};
			buildConfigurationList = 489091AF2654036900E230D9 /* Build configuration list for PBXProject "AudioKitPractice" */;
			compatibilityVersion = "Xcode 9.3";
			developmentRegion = en;
			hasScannedForEncodings = 0;
			knownRegions = (
				en,
				Base,
			);
			mainGroup = 489091AB2654036900E230D9;
			productRefGroup = 489091B52654036900E230D9 /* Products */;
			projectDirPath = "";
			projectRoot = "";
			targets = (
				489091B32654036900E230D9 /* AudioKitPractice */,
				489091C42654037300E230D9 /* AudioKitPracticeTests */,
				489091CF2654037400E230D9 /* AudioKitPracticeUITests */,
			);
		};
/* End PBXProject section */

/* Begin PBXResourcesBuildPhase section */
		489091B22654036900E230D9 /* Resources */ = {
			isa = PBXResourcesBuildPhase;
			buildActionMask = 2147483647;
			files = (
				489091BF2654037300E230D9 /* Preview Assets.xcassets in Resources */,
				489091BC2654037300E230D9 /* Assets.xcassets in Resources */,
			);
			runOnlyForDeploymentPostprocessing = 0;
		};
		489091C32654037300E230D9 /* Resources */ = {
			isa = PBXResourcesBuildPhase;
			buildActionMask = 2147483647;
			files = (
			);
			runOnlyForDeploymentPostprocessing = 0;
		};
		489091CE2654037400E230D9 /* Resources */ = {
			isa = PBXResourcesBuildPhase;
			buildActionMask = 2147483647;
			files = (
			);
			runOnlyForDeploymentPostprocessing = 0;
		};
/* End PBXResourcesBuildPhase section */

/* Begin PBXSourcesBuildPhase section */
		489091B02654036900E230D9 /* Sources */ = {
			isa = PBXSourcesBuildPhase;
			buildActionMask = 2147483647;
			files = (
				489091BA2654036900E230D9 /* ContentView.swift in Sources */,
				489091B82654036900E230D9 /* AudioKitPracticeApp.swift in Sources */,
			);
			runOnlyForDeploymentPostprocessing = 0;
		};
		489091C12654037300E230D9 /* Sources */ = {
			isa = PBXSourcesBuildPhase;
			buildActionMask = 2147483647;
			files = (
				489091CA2654037300E230D9 /* AudioKitPracticeTests.swift in Sources */,
			);
			runOnlyForDeploymentPostprocessing = 0;
		};
		489091CC2654037400E230D9 /* Sources */ = {
			isa = PBXSourcesBuildPhase;
			buildActionMask = 2147483647;
			files = (
				489091D52654037400E230D9 /* AudioKitPracticeUITests.swift in Sources */,
			);
			runOnlyForDeploymentPostprocessing = 0;
		};
/* End PBXSourcesBuildPhase section */

/* Begin PBXTargetDependency section */
		489091C72654037300E230D9 /* PBXTargetDependency */ = {
			isa = PBXTargetDependency;
			target = 489091B32654036900E230D9 /* AudioKitPractice */;
			targetProxy = 489091C62654037300E230D9 /* PBXContainerItemProxy */;
		};
		489091D22654037400E230D9 /* PBXTargetDependency */ = {
			isa = PBXTargetDependency;
			target = 489091B32654036900E230D9 /* AudioKitPractice */;
			targetProxy = 489091D12654037400E230D9 /* PBXContainerItemProxy */;
		};
/* End PBXTargetDependency section */

/* Begin XCBuildConfiguration section */
		489091D72654037400E230D9 /* Debug */ = {
			isa = XCBuildConfiguration;
			buildSettings = {
				ALWAYS_SEARCH_USER_PATHS = NO;
				CLANG_ANALYZER_NONNULL = YES;
				CLANG_ANALYZER_NUMBER_OBJECT_CONVERSION = YES_AGGRESSIVE;
				CLANG_CXX_LANGUAGE_STANDARD = "gnu++14";
				CLANG_CXX_LIBRARY = "libc++";
				CLANG_ENABLE_MODULES = YES;
				CLANG_ENABLE_OBJC_ARC = YES;
				CLANG_ENABLE_OBJC_WEAK = YES;
				CLANG_WARN_BLOCK_CAPTURE_AUTORELEASING = YES;
				CLANG_WARN_BOOL_CONVERSION = YES;
				CLANG_WARN_COMMA = YES;
				CLANG_WARN_CONSTANT_CONVERSION = YES;
				CLANG_WARN_DEPRECATED_OBJC_IMPLEMENTATIONS = YES;
				CLANG_WARN_DIRECT_OBJC_ISA_USAGE = YES_ERROR;
				CLANG_WARN_DOCUMENTATION_COMMENTS = YES;
				CLANG_WARN_EMPTY_BODY = YES;
				CLANG_WARN_ENUM_CONVERSION = YES;
				CLANG_WARN_INFINITE_RECURSION = YES;
				CLANG_WARN_INT_CONVERSION = YES;
				CLANG_WARN_NON_LITERAL_NULL_CONVERSION = YES;
				CLANG_WARN_OBJC_IMPLICIT_RETAIN_SELF = YES;
				CLANG_WARN_OBJC_LITERAL_CONVERSION = YES;
				CLANG_WARN_OBJC_ROOT_CLASS = YES_ERROR;
				CLANG_WARN_QUOTED_INCLUDE_IN_FRAMEWORK_HEADER = YES;
				CLANG_WARN_RANGE_LOOP_ANALYSIS = YES;
				CLANG_WARN_STRICT_PROTOTYPES = YES;
				CLANG_WARN_SUSPICIOUS_MOVE = YES;
				CLANG_WARN_UNGUARDED_AVAILABILITY = YES_AGGRESSIVE;
				CLANG_WARN_UNREACHABLE_CODE = YES;
				CLANG_WARN__DUPLICATE_METHOD_MATCH = YES;
				COPY_PHASE_STRIP = NO;
				DEBUG_INFORMATION_FORMAT = dwarf;
				ENABLE_STRICT_OBJC_MSGSEND = YES;
				ENABLE_TESTABILITY = YES;
				GCC_C_LANGUAGE_STANDARD = gnu11;
				GCC_DYNAMIC_NO_PIC = NO;
				GCC_NO_COMMON_BLOCKS = YES;
				GCC_OPTIMIZATION_LEVEL = 0;
				GCC_PREPROCESSOR_DEFINITIONS = (
					"DEBUG=1",
					"$(inherited)",
				);
				GCC_WARN_64_TO_32_BIT_CONVERSION = YES;
				GCC_WARN_ABOUT_RETURN_TYPE = YES_ERROR;
				GCC_WARN_UNDECLARED_SELECTOR = YES;
				GCC_WARN_UNINITIALIZED_AUTOS = YES_AGGRESSIVE;
				GCC_WARN_UNUSED_FUNCTION = YES;
				GCC_WARN_UNUSED_VARIABLE = YES;
				IPHONEOS_DEPLOYMENT_TARGET = 14.4;
				MTL_ENABLE_DEBUG_INFO = INCLUDE_SOURCE;
				MTL_FAST_MATH = YES;
				ONLY_ACTIVE_ARCH = YES;
				SDKROOT = iphoneos;
				SWIFT_ACTIVE_COMPILATION_CONDITIONS = DEBUG;
				SWIFT_OPTIMIZATION_LEVEL = "-Onone";
			};
			name = Debug;
		};
		489091D82654037400E230D9 /* Release */ = {
			isa = XCBuildConfiguration;
			buildSettings = {
				ALWAYS_SEARCH_USER_PATHS = NO;
				CLANG_ANALYZER_NONNULL = YES;
				CLANG_ANALYZER_NUMBER_OBJECT_CONVERSION = YES_AGGRESSIVE;
				CLANG_CXX_LANGUAGE_STANDARD = "gnu++14";
				CLANG_CXX_LIBRARY = "libc++";
				CLANG_ENABLE_MODULES = YES;
				CLANG_ENABLE_OBJC_ARC = YES;
				CLANG_ENABLE_OBJC_WEAK = YES;
				CLANG_WARN_BLOCK_CAPTURE_AUTORELEASING = YES;
				CLANG_WARN_BOOL_CONVERSION = YES;
				CLANG_WARN_COMMA = YES;
				CLANG_WARN_CONSTANT_CONVERSION = YES;
				CLANG_WARN_DEPRECATED_OBJC_IMPLEMENTATIONS = YES;
				CLANG_WARN_DIRECT_OBJC_ISA_USAGE = YES_ERROR;
				CLANG_WARN_DOCUMENTATION_COMMENTS = YES;
				CLANG_WARN_EMPTY_BODY = YES;
				CLANG_WARN_ENUM_CONVERSION = YES;
				CLANG_WARN_INFINITE_RECURSION = YES;
				CLANG_WARN_INT_CONVERSION = YES;
				CLANG_WARN_NON_LITERAL_NULL_CONVERSION = YES;
				CLANG_WARN_OBJC_IMPLICIT_RETAIN_SELF = YES;
				CLANG_WARN_OBJC_LITERAL_CONVERSION = YES;
				CLANG_WARN_OBJC_ROOT_CLASS = YES_ERROR;
				CLANG_WARN_QUOTED_INCLUDE_IN_FRAMEWORK_HEADER = YES;
				CLANG_WARN_RANGE_LOOP_ANALYSIS = YES;
				CLANG_WARN_STRICT_PROTOTYPES = YES;
				CLANG_WARN_SUSPICIOUS_MOVE = YES;
				CLANG_WARN_UNGUARDED_AVAILABILITY = YES_AGGRESSIVE;
				CLANG_WARN_UNREACHABLE_CODE = YES;
				CLANG_WARN__DUPLICATE_METHOD_MATCH = YES;
				COPY_PHASE_STRIP = NO;
				DEBUG_INFORMATION_FORMAT = "dwarf-with-dsym";
				ENABLE_NS_ASSERTIONS = NO;
				ENABLE_STRICT_OBJC_MSGSEND = YES;
				GCC_C_LANGUAGE_STANDARD = gnu11;
				GCC_NO_COMMON_BLOCKS = YES;
				GCC_WARN_64_TO_32_BIT_CONVERSION = YES;
				GCC_WARN_ABOUT_RETURN_TYPE = YES_ERROR;
				GCC_WARN_UNDECLARED_SELECTOR = YES;
				GCC_WARN_UNINITIALIZED_AUTOS = YES_AGGRESSIVE;
				GCC_WARN_UNUSED_FUNCTION = YES;
				GCC_WARN_UNUSED_VARIABLE = YES;
				IPHONEOS_DEPLOYMENT_TARGET = 14.4;
				MTL_ENABLE_DEBUG_INFO = NO;
				MTL_FAST_MATH = YES;
				SDKROOT = iphoneos;
				SWIFT_COMPILATION_MODE = wholemodule;
				SWIFT_OPTIMIZATION_LEVEL = "-O";
				VALIDATE_PRODUCT = YES;
			};
			name = Release;
		};
		489091DA2654037400E230D9 /* Debug */ = {
			isa = XCBuildConfiguration;
			buildSettings = {
				ASSETCATALOG_COMPILER_APPICON_NAME = AppIcon;
				ASSETCATALOG_COMPILER_GLOBAL_ACCENT_COLOR_NAME = AccentColor;
				CODE_SIGN_STYLE = Automatic;
				DEVELOPMENT_ASSET_PATHS = "\"AudioKitPractice/Preview Content\"";
				DEVELOPMENT_TEAM = H823FL3YAZ;
				ENABLE_PREVIEWS = YES;
				INFOPLIST_FILE = AudioKitPractice/Info.plist;
				IPHONEOS_DEPLOYMENT_TARGET = 14.0;
				LD_RUNPATH_SEARCH_PATHS = (
					"$(inherited)",
					"@executable_path/Frameworks",
				);
				PRODUCT_BUNDLE_IDENTIFIER = xperlab.AudioKitPractice;
				PRODUCT_NAME = "$(TARGET_NAME)";
				SWIFT_VERSION = 5.0;
				TARGETED_DEVICE_FAMILY = "1,2";
			};
			name = Debug;
		};
		489091DB2654037400E230D9 /* Release */ = {
			isa = XCBuildConfiguration;
			buildSettings = {
				ASSETCATALOG_COMPILER_APPICON_NAME = AppIcon;
				ASSETCATALOG_COMPILER_GLOBAL_ACCENT_COLOR_NAME = AccentColor;
				CODE_SIGN_STYLE = Automatic;
				DEVELOPMENT_ASSET_PATHS = "\"AudioKitPractice/Preview Content\"";
				DEVELOPMENT_TEAM = H823FL3YAZ;
				ENABLE_PREVIEWS = YES;
				INFOPLIST_FILE = AudioKitPractice/Info.plist;
				IPHONEOS_DEPLOYMENT_TARGET = 14.0;
				LD_RUNPATH_SEARCH_PATHS = (
					"$(inherited)",
					"@executable_path/Frameworks",
				);
				PRODUCT_BUNDLE_IDENTIFIER = xperlab.AudioKitPractice;
				PRODUCT_NAME = "$(TARGET_NAME)";
				SWIFT_VERSION = 5.0;
				TARGETED_DEVICE_FAMILY = "1,2";
			};
			name = Release;
		};
		489091DD2654037400E230D9 /* Debug */ = {
			isa = XCBuildConfiguration;
			buildSettings = {
				ALWAYS_EMBED_SWIFT_STANDARD_LIBRARIES = YES;
				BUNDLE_LOADER = "$(TEST_HOST)";
				CODE_SIGN_STYLE = Automatic;
				DEVELOPMENT_TEAM = H823FL3YAZ;
				INFOPLIST_FILE = AudioKitPracticeTests/Info.plist;
				IPHONEOS_DEPLOYMENT_TARGET = 14.0;
				LD_RUNPATH_SEARCH_PATHS = (
					"$(inherited)",
					"@executable_path/Frameworks",
					"@loader_path/Frameworks",
				);
				PRODUCT_BUNDLE_IDENTIFIER = xperlab.AudioKitPracticeTests;
				PRODUCT_NAME = "$(TARGET_NAME)";
				SWIFT_VERSION = 5.0;
				TARGETED_DEVICE_FAMILY = "1,2";
				TEST_HOST = "$(BUILT_PRODUCTS_DIR)/AudioKitPractice.app/AudioKitPractice";
			};
			name = Debug;
		};
		489091DE2654037400E230D9 /* Release */ = {
			isa = XCBuildConfiguration;
			buildSettings = {
				ALWAYS_EMBED_SWIFT_STANDARD_LIBRARIES = YES;
				BUNDLE_LOADER = "$(TEST_HOST)";
				CODE_SIGN_STYLE = Automatic;
				DEVELOPMENT_TEAM = H823FL3YAZ;
				INFOPLIST_FILE = AudioKitPracticeTests/Info.plist;
				IPHONEOS_DEPLOYMENT_TARGET = 14.0;
				LD_RUNPATH_SEARCH_PATHS = (
					"$(inherited)",
					"@executable_path/Frameworks",
					"@loader_path/Frameworks",
				);
				PRODUCT_BUNDLE_IDENTIFIER = xperlab.AudioKitPracticeTests;
				PRODUCT_NAME = "$(TARGET_NAME)";
				SWIFT_VERSION = 5.0;
				TARGETED_DEVICE_FAMILY = "1,2";
				TEST_HOST = "$(BUILT_PRODUCTS_DIR)/AudioKitPractice.app/AudioKitPractice";
			};
			name = Release;
		};
		489091E02654037400E230D9 /* Debug */ = {
			isa = XCBuildConfiguration;
			buildSettings = {
				ALWAYS_EMBED_SWIFT_STANDARD_LIBRARIES = YES;
				CODE_SIGN_STYLE = Automatic;
				DEVELOPMENT_TEAM = H823FL3YAZ;
				INFOPLIST_FILE = AudioKitPracticeUITests/Info.plist;
				LD_RUNPATH_SEARCH_PATHS = (
					"$(inherited)",
					"@executable_path/Frameworks",
					"@loader_path/Frameworks",
				);
				PRODUCT_BUNDLE_IDENTIFIER = xperlab.AudioKitPracticeUITests;
				PRODUCT_NAME = "$(TARGET_NAME)";
				SWIFT_VERSION = 5.0;
				TARGETED_DEVICE_FAMILY = "1,2";
				TEST_TARGET_NAME = AudioKitPractice;
			};
			name = Debug;
		};
		489091E12654037400E230D9 /* Release */ = {
			isa = XCBuildConfiguration;
			buildSettings = {
				ALWAYS_EMBED_SWIFT_STANDARD_LIBRARIES = YES;
				CODE_SIGN_STYLE = Automatic;
				DEVELOPMENT_TEAM = H823FL3YAZ;
				INFOPLIST_FILE = AudioKitPracticeUITests/Info.plist;
				LD_RUNPATH_SEARCH_PATHS = (
					"$(inherited)",
					"@executable_path/Frameworks",
					"@loader_path/Frameworks",
				);
				PRODUCT_BUNDLE_IDENTIFIER = xperlab.AudioKitPracticeUITests;
				PRODUCT_NAME = "$(TARGET_NAME)";
				SWIFT_VERSION = 5.0;
				TARGETED_DEVICE_FAMILY = "1,2";
				TEST_TARGET_NAME = AudioKitPractice;
			};
			name = Release;
		};
/* End XCBuildConfiguration section */

/* Begin XCConfigurationList section */
		489091AF2654036900E230D9 /* Build configuration list for PBXProject "AudioKitPractice" */ = {
			isa = XCConfigurationList;
			buildConfigurations = (
				489091D72654037400E230D9 /* Debug */,
				489091D82654037400E230D9 /* Release */,
			);
			defaultConfigurationIsVisible = 0;
			defaultConfigurationName = Release;
		};
		489091D92654037400E230D9 /* Build configuration list for PBXNativeTarget "AudioKitPractice" */ = {
			isa = XCConfigurationList;
			buildConfigurations = (
				489091DA2654037400E230D9 /* Debug */,
				489091DB2654037400E230D9 /* Release */,
			);
			defaultConfigurationIsVisible = 0;
			defaultConfigurationName = Release;
		};
		489091DC2654037400E230D9 /* Build configuration list for PBXNativeTarget "AudioKitPracticeTests" */ = {
			isa = XCConfigurationList;
			buildConfigurations = (
				489091DD2654037400E230D9 /* Debug */,
				489091DE2654037400E230D9 /* Release */,
			);
			defaultConfigurationIsVisible = 0;
			defaultConfigurationName = Release;
		};
		489091DF2654037400E230D9 /* Build configuration list for PBXNativeTarget "AudioKitPracticeUITests" */ = {
			isa = XCConfigurationList;
			buildConfigurations = (
				489091E02654037400E230D9 /* Debug */,
				489091E12654037400E230D9 /* Release */,
			);
			defaultConfigurationIsVisible = 0;
			defaultConfigurationName = Release;
		};
/* End XCConfigurationList section */
	};
	rootObject = 489091AC2654036900E230D9 /* Project object */;
}
